// !$*UTF8*$!
{
	archiveVersion = 1;
	classes = {
	};
	objectVersion = 50;
	objects = {

/* Begin PBXBuildFile section */
		814FAC9023E364A1001AE1DC /* HomeViewController.xib in Resources */ = {isa = PBXBuildFile; fileRef = 814FAC8F23E364A1001AE1DC /* HomeViewController.xib */; };
		8162FE9A23DD25CB00076485 /* MenuBarView.swift in Sources */ = {isa = PBXBuildFile; fileRef = 8162FE9923DD25CB00076485 /* MenuBarView.swift */; };
		8162FE9D23DDDC7000076485 /* UserDefaultsHelper.swift in Sources */ = {isa = PBXBuildFile; fileRef = 8162FE9C23DDDC7000076485 /* UserDefaultsHelper.swift */; };
		8162FEA123DE225B00076485 /* ContainerController.swift in Sources */ = {isa = PBXBuildFile; fileRef = 8162FEA023DE225B00076485 /* ContainerController.swift */; };
		8162FEA423DE228E00076485 /* SlideOutMenuController.swift in Sources */ = {isa = PBXBuildFile; fileRef = 8162FEA223DE228E00076485 /* SlideOutMenuController.swift */; };
		8173AA8A23D511ED00BCF68D /* AppDelegate.swift in Sources */ = {isa = PBXBuildFile; fileRef = 8173AA8923D511ED00BCF68D /* AppDelegate.swift */; };
		8173AA8C23D511ED00BCF68D /* SceneDelegate.swift in Sources */ = {isa = PBXBuildFile; fileRef = 8173AA8B23D511ED00BCF68D /* SceneDelegate.swift */; };
		8173AA9323D511F300BCF68D /* Assets.xcassets in Resources */ = {isa = PBXBuildFile; fileRef = 8173AA9223D511F300BCF68D /* Assets.xcassets */; };
		8173AA9623D511F300BCF68D /* LaunchScreen.storyboard in Resources */ = {isa = PBXBuildFile; fileRef = 8173AA9423D511F300BCF68D /* LaunchScreen.storyboard */; };
		8173AA9E23D5262C00BCF68D /* extentions.swift in Sources */ = {isa = PBXBuildFile; fileRef = 8173AA9D23D5262C00BCF68D /* extentions.swift */; };
		8173AAA523D65BDF00BCF68D /* LoginViewController.xib in Resources */ = {isa = PBXBuildFile; fileRef = 8173AAA323D65BDF00BCF68D /* LoginViewController.xib */; };
		8173AAA623D65BDF00BCF68D /* LoginViewController.swift in Sources */ = {isa = PBXBuildFile; fileRef = 8173AAA423D65BDF00BCF68D /* LoginViewController.swift */; };
		8173AAA823D6CA8800BCF68D /* TextFieldEdgeInset.swift in Sources */ = {isa = PBXBuildFile; fileRef = 8173AAA723D6CA8800BCF68D /* TextFieldEdgeInset.swift */; };
		8173AAAB23D6D13800BCF68D /* SignupViewController.swift in Sources */ = {isa = PBXBuildFile; fileRef = 8173AAA923D6D13800BCF68D /* SignupViewController.swift */; };
		8173AAAC23D6D13800BCF68D /* SignupViewController.xib in Resources */ = {isa = PBXBuildFile; fileRef = 8173AAAA23D6D13800BCF68D /* SignupViewController.xib */; };
		8173AAB123D7412700BCF68D /* ResetViewController.swift in Sources */ = {isa = PBXBuildFile; fileRef = 8173AAAF23D7412700BCF68D /* ResetViewController.swift */; };
		8173AAB223D7412700BCF68D /* ResetViewController.xib in Resources */ = {isa = PBXBuildFile; fileRef = 8173AAB023D7412700BCF68D /* ResetViewController.xib */; };
		8173AAB623D74F8400BCF68D /* GraphicHelper.swift in Sources */ = {isa = PBXBuildFile; fileRef = 8173AAB523D74F8400BCF68D /* GraphicHelper.swift */; };
		8173AAB923D79B3300BCF68D /* HomeViewController.swift in Sources */ = {isa = PBXBuildFile; fileRef = 8173AAB723D79B3300BCF68D /* HomeViewController.swift */; };
		8173AAC023D79DB100BCF68D /* MenuBarCell.swift in Sources */ = {isa = PBXBuildFile; fileRef = 8173AABE23D79DB100BCF68D /* MenuBarCell.swift */; };
		8173AAC123D79DB100BCF68D /* MenuBarCell.xib in Resources */ = {isa = PBXBuildFile; fileRef = 8173AABF23D79DB100BCF68D /* MenuBarCell.xib */; };
		8173AAC423D7F70000BCF68D /* MainCollectionViewCell.swift in Sources */ = {isa = PBXBuildFile; fileRef = 8173AAC223D7F70000BCF68D /* MainCollectionViewCell.swift */; };
		8173AAC923D87AD700BCF68D /* MainCollectionViewCell.xib in Resources */ = {isa = PBXBuildFile; fileRef = 8173AAC823D87AD700BCF68D /* MainCollectionViewCell.xib */; };
		817DE3DA23E1094600B3D89B /* Protocols.swift in Sources */ = {isa = PBXBuildFile; fileRef = 817DE3D923E1094600B3D89B /* Protocols.swift */; };
		81E96DA223DA93FE00496CB1 /* MainNavigationController.swift in Sources */ = {isa = PBXBuildFile; fileRef = 81E96DA123DA93FE00496CB1 /* MainNavigationController.swift */; };
/* End PBXBuildFile section */

/* Begin PBXFileReference section */
		814FAC8F23E364A1001AE1DC /* HomeViewController.xib */ = {isa = PBXFileReference; fileEncoding = 4; lastKnownFileType = file.xib; path = HomeViewController.xib; sourceTree = "<group>"; };
		8162FE9923DD25CB00076485 /* MenuBarView.swift */ = {isa = PBXFileReference; lastKnownFileType = sourcecode.swift; path = MenuBarView.swift; sourceTree = "<group>"; };
		8162FE9C23DDDC7000076485 /* UserDefaultsHelper.swift */ = {isa = PBXFileReference; lastKnownFileType = sourcecode.swift; path = UserDefaultsHelper.swift; sourceTree = "<group>"; };
		8162FEA023DE225B00076485 /* ContainerController.swift */ = {isa = PBXFileReference; lastKnownFileType = sourcecode.swift; path = ContainerController.swift; sourceTree = "<group>"; };
		8162FEA223DE228E00076485 /* SlideOutMenuController.swift */ = {isa = PBXFileReference; lastKnownFileType = sourcecode.swift; path = SlideOutMenuController.swift; sourceTree = "<group>"; };
		8173AA8623D511ED00BCF68D /* Wajba.app */ = {isa = PBXFileReference; explicitFileType = wrapper.application; includeInIndex = 0; path = Wajba.app; sourceTree = BUILT_PRODUCTS_DIR; };
		8173AA8923D511ED00BCF68D /* AppDelegate.swift */ = {isa = PBXFileReference; lastKnownFileType = sourcecode.swift; path = AppDelegate.swift; sourceTree = "<group>"; };
		8173AA8B23D511ED00BCF68D /* SceneDelegate.swift */ = {isa = PBXFileReference; lastKnownFileType = sourcecode.swift; path = SceneDelegate.swift; sourceTree = "<group>"; };
		8173AA9223D511F300BCF68D /* Assets.xcassets */ = {isa = PBXFileReference; lastKnownFileType = folder.assetcatalog; path = Assets.xcassets; sourceTree = "<group>"; };
		8173AA9523D511F300BCF68D /* Base */ = {isa = PBXFileReference; lastKnownFileType = file.storyboard; name = Base; path = Base.lproj/LaunchScreen.storyboard; sourceTree = "<group>"; };
		8173AA9723D511F300BCF68D /* Info.plist */ = {isa = PBXFileReference; lastKnownFileType = text.plist.xml; path = Info.plist; sourceTree = "<group>"; };
		8173AA9D23D5262C00BCF68D /* extentions.swift */ = {isa = PBXFileReference; lastKnownFileType = sourcecode.swift; path = extentions.swift; sourceTree = "<group>"; };
		8173AAA323D65BDF00BCF68D /* LoginViewController.xib */ = {isa = PBXFileReference; fileEncoding = 4; lastKnownFileType = file.xib; path = LoginViewController.xib; sourceTree = "<group>"; };
		8173AAA423D65BDF00BCF68D /* LoginViewController.swift */ = {isa = PBXFileReference; fileEncoding = 4; lastKnownFileType = sourcecode.swift; path = LoginViewController.swift; sourceTree = "<group>"; };
		8173AAA723D6CA8800BCF68D /* TextFieldEdgeInset.swift */ = {isa = PBXFileReference; lastKnownFileType = sourcecode.swift; path = TextFieldEdgeInset.swift; sourceTree = "<group>"; };
		8173AAA923D6D13800BCF68D /* SignupViewController.swift */ = {isa = PBXFileReference; lastKnownFileType = sourcecode.swift; path = SignupViewController.swift; sourceTree = "<group>"; };
		8173AAAA23D6D13800BCF68D /* SignupViewController.xib */ = {isa = PBXFileReference; lastKnownFileType = file.xib; path = SignupViewController.xib; sourceTree = "<group>"; };
		8173AAAF23D7412700BCF68D /* ResetViewController.swift */ = {isa = PBXFileReference; lastKnownFileType = sourcecode.swift; path = ResetViewController.swift; sourceTree = "<group>"; };
		8173AAB023D7412700BCF68D /* ResetViewController.xib */ = {isa = PBXFileReference; lastKnownFileType = file.xib; path = ResetViewController.xib; sourceTree = "<group>"; };
		8173AAB523D74F8400BCF68D /* GraphicHelper.swift */ = {isa = PBXFileReference; lastKnownFileType = sourcecode.swift; path = GraphicHelper.swift; sourceTree = "<group>"; };
		8173AAB723D79B3300BCF68D /* HomeViewController.swift */ = {isa = PBXFileReference; lastKnownFileType = sourcecode.swift; path = HomeViewController.swift; sourceTree = "<group>"; };
		8173AABE23D79DB100BCF68D /* MenuBarCell.swift */ = {isa = PBXFileReference; lastKnownFileType = sourcecode.swift; path = MenuBarCell.swift; sourceTree = "<group>"; };
		8173AABF23D79DB100BCF68D /* MenuBarCell.xib */ = {isa = PBXFileReference; lastKnownFileType = file.xib; path = MenuBarCell.xib; sourceTree = "<group>"; };
		8173AAC223D7F70000BCF68D /* MainCollectionViewCell.swift */ = {isa = PBXFileReference; lastKnownFileType = sourcecode.swift; path = MainCollectionViewCell.swift; sourceTree = "<group>"; };
		8173AAC823D87AD700BCF68D /* MainCollectionViewCell.xib */ = {isa = PBXFileReference; fileEncoding = 4; lastKnownFileType = file.xib; path = MainCollectionViewCell.xib; sourceTree = "<group>"; };
		817DE3D923E1094600B3D89B /* Protocols.swift */ = {isa = PBXFileReference; lastKnownFileType = sourcecode.swift; path = Protocols.swift; sourceTree = "<group>"; };
		81E96DA123DA93FE00496CB1 /* MainNavigationController.swift */ = {isa = PBXFileReference; lastKnownFileType = sourcecode.swift; path = MainNavigationController.swift; sourceTree = "<group>"; };
/* End PBXFileReference section */

/* Begin PBXFrameworksBuildPhase section */
		8173AA8323D511ED00BCF68D /* Frameworks */ = {
			isa = PBXFrameworksBuildPhase;
			buildActionMask = 2147483647;
			files = (
			);
			runOnlyForDeploymentPostprocessing = 0;
		};
/* End PBXFrameworksBuildPhase section */

/* Begin PBXGroup section */
		8162FE9423DD213D00076485 /* Menu Bar View */ = {
			isa = PBXGroup;
			children = (
				8162FE9923DD25CB00076485 /* MenuBarView.swift */,
			);
			path = "Menu Bar View";
			sourceTree = "<group>";
		};
		8162FE9B23DDDC3F00076485 /* Helpers */ = {
			isa = PBXGroup;
			children = (
				817DE3D923E1094600B3D89B /* Protocols.swift */,
				8173AAB523D74F8400BCF68D /* GraphicHelper.swift */,
				8162FE9C23DDDC7000076485 /* UserDefaultsHelper.swift */,
			);
			path = Helpers;
			sourceTree = "<group>";
		};
		8162FE9E23DDE73C00076485 /* Supporting Files */ = {
			isa = PBXGroup;
			children = (
				8173AA8923D511ED00BCF68D /* AppDelegate.swift */,
				8173AA8B23D511ED00BCF68D /* SceneDelegate.swift */,
				8173AA9223D511F300BCF68D /* Assets.xcassets */,
				8173AA9423D511F300BCF68D /* LaunchScreen.storyboard */,
			);
			path = "Supporting Files";
			sourceTree = "<group>";
		};
		8162FE9F23DE222700076485 /* Container Controllers */ = {
			isa = PBXGroup;
			children = (
				81E96DA123DA93FE00496CB1 /* MainNavigationController.swift */,
				8162FEA023DE225B00076485 /* ContainerController.swift */,
			);
			path = "Container Controllers";
			sourceTree = "<group>";
		};
		8162FEA623DE229500076485 /* slideOutMenu Controller */ = {
			isa = PBXGroup;
			children = (
				8162FEA223DE228E00076485 /* SlideOutMenuController.swift */,
			);
			path = "slideOutMenu Controller";
			sourceTree = "<group>";
		};
		8173AA7D23D511ED00BCF68D = {
			isa = PBXGroup;
			children = (
				8173AA8823D511ED00BCF68D /* Wajba */,
				8173AA8723D511ED00BCF68D /* Products */,
			);
			sourceTree = "<group>";
		};
		8173AA8723D511ED00BCF68D /* Products */ = {
			isa = PBXGroup;
			children = (
				8173AA8623D511ED00BCF68D /* Wajba.app */,
			);
			name = Products;
			sourceTree = "<group>";
		};
		8173AA8823D511ED00BCF68D /* Wajba */ = {
			isa = PBXGroup;
			children = (
				8162FE9F23DE222700076485 /* Container Controllers */,
				8173AABC23D79B4C00BCF68D /* View Controllers */,
				8173AABD23D79D4900BCF68D /* Views */,
				8162FE9B23DDDC3F00076485 /* Helpers */,
				8173AAB423D74F2600BCF68D /* extentions */,
				8162FE9E23DDE73C00076485 /* Supporting Files */,
				8173AA9723D511F300BCF68D /* Info.plist */,
			);
			path = Wajba;
			sourceTree = "<group>";
		};
		8173AAAD23D6D1DF00BCF68D /* Login ViewController */ = {
			isa = PBXGroup;
			children = (
				8173AAA423D65BDF00BCF68D /* LoginViewController.swift */,
				8173AAA323D65BDF00BCF68D /* LoginViewController.xib */,
			);
			path = "Login ViewController";
			sourceTree = "<group>";
		};
		8173AAAE23D73A3700BCF68D /* Signup ViewController */ = {
			isa = PBXGroup;
			children = (
				8173AAA923D6D13800BCF68D /* SignupViewController.swift */,
				8173AAAA23D6D13800BCF68D /* SignupViewController.xib */,
			);
			path = "Signup ViewController";
			sourceTree = "<group>";
		};
		8173AAB323D7413500BCF68D /* Reset ViewController */ = {
			isa = PBXGroup;
			children = (
				8173AAAF23D7412700BCF68D /* ResetViewController.swift */,
				8173AAB023D7412700BCF68D /* ResetViewController.xib */,
			);
			path = "Reset ViewController";
			sourceTree = "<group>";
		};
		8173AAB423D74F2600BCF68D /* extentions */ = {
			isa = PBXGroup;
			children = (
				8173AAA723D6CA8800BCF68D /* TextFieldEdgeInset.swift */,
				8173AA9D23D5262C00BCF68D /* extentions.swift */,
			);
			path = extentions;
			sourceTree = "<group>";
		};
		8173AABB23D79B3B00BCF68D /* Home ViewController */ = {
			isa = PBXGroup;
			children = (
				8173AAB723D79B3300BCF68D /* HomeViewController.swift */,
				814FAC8F23E364A1001AE1DC /* HomeViewController.xib */,
			);
			path = "Home ViewController";
			sourceTree = "<group>";
		};
		8173AABC23D79B4C00BCF68D /* View Controllers */ = {
			isa = PBXGroup;
			children = (
				8173AABB23D79B3B00BCF68D /* Home ViewController */,
				8162FEA623DE229500076485 /* slideOutMenu Controller */,
				8173AAB323D7413500BCF68D /* Reset ViewController */,
				8173AAAD23D6D1DF00BCF68D /* Login ViewController */,
				8173AAAE23D73A3700BCF68D /* Signup ViewController */,
			);
			path = "View Controllers";
			sourceTree = "<group>";
		};
		8173AABD23D79D4900BCF68D /* Views */ = {
			isa = PBXGroup;
			children = (
				8162FE9423DD213D00076485 /* Menu Bar View */,
				8173AAC623D7F70D00BCF68D /* Menu Bar Cell */,
				8173AAC723D7F72800BCF68D /* Main CollectionView Cell */,
			);
			path = Views;
			sourceTree = "<group>";
		};
		8173AAC623D7F70D00BCF68D /* Menu Bar Cell */ = {
			isa = PBXGroup;
			children = (
				8173AABE23D79DB100BCF68D /* MenuBarCell.swift */,
				8173AABF23D79DB100BCF68D /* MenuBarCell.xib */,
			);
			path = "Menu Bar Cell";
			sourceTree = "<group>";
		};
		8173AAC723D7F72800BCF68D /* Main CollectionView Cell */ = {
			isa = PBXGroup;
			children = (
				8173AAC223D7F70000BCF68D /* MainCollectionViewCell.swift */,
				8173AAC823D87AD700BCF68D /* MainCollectionViewCell.xib */,
			);
			path = "Main CollectionView Cell";
			sourceTree = "<group>";
		};
/* End PBXGroup section */

/* Begin PBXNativeTarget section */
		8173AA8523D511ED00BCF68D /* Wajba */ = {
			isa = PBXNativeTarget;
			buildConfigurationList = 8173AA9A23D511F300BCF68D /* Build configuration list for PBXNativeTarget "Wajba" */;
			buildPhases = (
				8173AA8223D511ED00BCF68D /* Sources */,
				8173AA8323D511ED00BCF68D /* Frameworks */,
				8173AA8423D511ED00BCF68D /* Resources */,
			);
			buildRules = (
			);
			dependencies = (
			);
			name = Wajba;
			productName = Wajba;
			productReference = 8173AA8623D511ED00BCF68D /* Wajba.app */;
			productType = "com.apple.product-type.application";
		};
/* End PBXNativeTarget section */

/* Begin PBXProject section */
		8173AA7E23D511ED00BCF68D /* Project object */ = {
			isa = PBXProject;
			attributes = {
				LastSwiftUpdateCheck = 1130;
				LastUpgradeCheck = 1130;
				ORGANIZATIONNAME = FoodTech;
				TargetAttributes = {
					8173AA8523D511ED00BCF68D = {
						CreatedOnToolsVersion = 11.3.1;
					};
				};
			};
			buildConfigurationList = 8173AA8123D511ED00BCF68D /* Build configuration list for PBXProject "Wajba" */;
			compatibilityVersion = "Xcode 9.3";
			developmentRegion = en;
			hasScannedForEncodings = 0;
			knownRegions = (
				en,
				Base,
			);
			mainGroup = 8173AA7D23D511ED00BCF68D;
			productRefGroup = 8173AA8723D511ED00BCF68D /* Products */;
			projectDirPath = "";
			projectRoot = "";
			targets = (
				8173AA8523D511ED00BCF68D /* Wajba */,
			);
		};
/* End PBXProject section */

/* Begin PBXResourcesBuildPhase section */
		8173AA8423D511ED00BCF68D /* Resources */ = {
			isa = PBXResourcesBuildPhase;
			buildActionMask = 2147483647;
			files = (
				8173AAA523D65BDF00BCF68D /* LoginViewController.xib in Resources */,
				8173AAB223D7412700BCF68D /* ResetViewController.xib in Resources */,
				8173AA9623D511F300BCF68D /* LaunchScreen.storyboard in Resources */,
				8173AAAC23D6D13800BCF68D /* SignupViewController.xib in Resources */,
				8173AA9323D511F300BCF68D /* Assets.xcassets in Resources */,
				8173AAC123D79DB100BCF68D /* MenuBarCell.xib in Resources */,
				8173AAC923D87AD700BCF68D /* MainCollectionViewCell.xib in Resources */,
				814FAC9023E364A1001AE1DC /* HomeViewController.xib in Resources */,
			);
			runOnlyForDeploymentPostprocessing = 0;
		};
/* End PBXResourcesBuildPhase section */

/* Begin PBXSourcesBuildPhase section */
		8173AA8223D511ED00BCF68D /* Sources */ = {
			isa = PBXSourcesBuildPhase;
			buildActionMask = 2147483647;
			files = (
				8173AAB923D79B3300BCF68D /* HomeViewController.swift in Sources */,
				8173AAAB23D6D13800BCF68D /* SignupViewController.swift in Sources */,
				8162FE9D23DDDC7000076485 /* UserDefaultsHelper.swift in Sources */,
				8173AAA623D65BDF00BCF68D /* LoginViewController.swift in Sources */,
				8173AA9E23D5262C00BCF68D /* extentions.swift in Sources */,
				8173AAA823D6CA8800BCF68D /* TextFieldEdgeInset.swift in Sources */,
				8173AAC023D79DB100BCF68D /* MenuBarCell.swift in Sources */,
				8162FE9A23DD25CB00076485 /* MenuBarView.swift in Sources */,
				8162FEA423DE228E00076485 /* SlideOutMenuController.swift in Sources */,
				81E96DA223DA93FE00496CB1 /* MainNavigationController.swift in Sources */,
				8173AAB623D74F8400BCF68D /* GraphicHelper.swift in Sources */,
				8173AAC423D7F70000BCF68D /* MainCollectionViewCell.swift in Sources */,
				8162FEA123DE225B00076485 /* ContainerController.swift in Sources */,
				8173AA8A23D511ED00BCF68D /* AppDelegate.swift in Sources */,
				8173AAB123D7412700BCF68D /* ResetViewController.swift in Sources */,
				817DE3DA23E1094600B3D89B /* Protocols.swift in Sources */,
				8173AA8C23D511ED00BCF68D /* SceneDelegate.swift in Sources */,
			);
			runOnlyForDeploymentPostprocessing = 0;
		};
/* End PBXSourcesBuildPhase section */

/* Begin PBXVariantGroup section */
		8173AA9423D511F300BCF68D /* LaunchScreen.storyboard */ = {
			isa = PBXVariantGroup;
			children = (
				8173AA9523D511F300BCF68D /* Base */,
			);
			name = LaunchScreen.storyboard;
			sourceTree = "<group>";
		};
/* End PBXVariantGroup section */

/* Begin XCBuildConfiguration section */
		8173AA9823D511F300BCF68D /* Debug */ = {
			isa = XCBuildConfiguration;
			buildSettings = {
				ALWAYS_SEARCH_USER_PATHS = NO;
				CLANG_ANALYZER_NONNULL = YES;
				CLANG_ANALYZER_NUMBER_OBJECT_CONVERSION = YES_AGGRESSIVE;
				CLANG_CXX_LANGUAGE_STANDARD = "gnu++14";
				CLANG_CXX_LIBRARY = "libc++";
				CLANG_ENABLE_MODULES = YES;
				CLANG_ENABLE_OBJC_ARC = YES;
				CLANG_ENABLE_OBJC_WEAK = YES;
				CLANG_WARN_BLOCK_CAPTURE_AUTORELEASING = YES;
				CLANG_WARN_BOOL_CONVERSION = YES;
				CLANG_WARN_COMMA = YES;
				CLANG_WARN_CONSTANT_CONVERSION = YES;
				CLANG_WARN_DEPRECATED_OBJC_IMPLEMENTATIONS = YES;
				CLANG_WARN_DIRECT_OBJC_ISA_USAGE = YES_ERROR;
				CLANG_WARN_DOCUMENTATION_COMMENTS = YES;
				CLANG_WARN_EMPTY_BODY = YES;
				CLANG_WARN_ENUM_CONVERSION = YES;
				CLANG_WARN_INFINITE_RECURSION = YES;
				CLANG_WARN_INT_CONVERSION = YES;
				CLANG_WARN_NON_LITERAL_NULL_CONVERSION = YES;
				CLANG_WARN_OBJC_IMPLICIT_RETAIN_SELF = YES;
				CLANG_WARN_OBJC_LITERAL_CONVERSION = YES;
				CLANG_WARN_OBJC_ROOT_CLASS = YES_ERROR;
				CLANG_WARN_RANGE_LOOP_ANALYSIS = YES;
				CLANG_WARN_STRICT_PROTOTYPES = YES;
				CLANG_WARN_SUSPICIOUS_MOVE = YES;
				CLANG_WARN_UNGUARDED_AVAILABILITY = YES_AGGRESSIVE;
				CLANG_WARN_UNREACHABLE_CODE = YES;
				CLANG_WARN__DUPLICATE_METHOD_MATCH = YES;
				COPY_PHASE_STRIP = NO;
				DEBUG_INFORMATION_FORMAT = dwarf;
				ENABLE_STRICT_OBJC_MSGSEND = YES;
				ENABLE_TESTABILITY = YES;
				GCC_C_LANGUAGE_STANDARD = gnu11;
				GCC_DYNAMIC_NO_PIC = NO;
				GCC_NO_COMMON_BLOCKS = YES;
				GCC_OPTIMIZATION_LEVEL = 0;
				GCC_PREPROCESSOR_DEFINITIONS = (
					"DEBUG=1",
					"$(inherited)",
				);
				GCC_WARN_64_TO_32_BIT_CONVERSION = YES;
				GCC_WARN_ABOUT_RETURN_TYPE = YES_ERROR;
				GCC_WARN_UNDECLARED_SELECTOR = YES;
				GCC_WARN_UNINITIALIZED_AUTOS = YES_AGGRESSIVE;
				GCC_WARN_UNUSED_FUNCTION = YES;
				GCC_WARN_UNUSED_VARIABLE = YES;
				IPHONEOS_DEPLOYMENT_TARGET = 13.2;
				MTL_ENABLE_DEBUG_INFO = INCLUDE_SOURCE;
				MTL_FAST_MATH = YES;
				ONLY_ACTIVE_ARCH = YES;
				SDKROOT = iphoneos;
				SWIFT_ACTIVE_COMPILATION_CONDITIONS = DEBUG;
				SWIFT_OPTIMIZATION_LEVEL = "-Onone";
			};
			name = Debug;
		};
		8173AA9923D511F300BCF68D /* Release */ = {
			isa = XCBuildConfiguration;
			buildSettings = {
				ALWAYS_SEARCH_USER_PATHS = NO;
				CLANG_ANALYZER_NONNULL = YES;
				CLANG_ANALYZER_NUMBER_OBJECT_CONVERSION = YES_AGGRESSIVE;
				CLANG_CXX_LANGUAGE_STANDARD = "gnu++14";
				CLANG_CXX_LIBRARY = "libc++";
				CLANG_ENABLE_MODULES = YES;
				CLANG_ENABLE_OBJC_ARC = YES;
				CLANG_ENABLE_OBJC_WEAK = YES;
				CLANG_WARN_BLOCK_CAPTURE_AUTORELEASING = YES;
				CLANG_WARN_BOOL_CONVERSION = YES;
				CLANG_WARN_COMMA = YES;
				CLANG_WARN_CONSTANT_CONVERSION = YES;
				CLANG_WARN_DEPRECATED_OBJC_IMPLEMENTATIONS = YES;
				CLANG_WARN_DIRECT_OBJC_ISA_USAGE = YES_ERROR;
				CLANG_WARN_DOCUMENTATION_COMMENTS = YES;
				CLANG_WARN_EMPTY_BODY = YES;
				CLANG_WARN_ENUM_CONVERSION = YES;
				CLANG_WARN_INFINITE_RECURSION = YES;
				CLANG_WARN_INT_CONVERSION = YES;
				CLANG_WARN_NON_LITERAL_NULL_CONVERSION = YES;
				CLANG_WARN_OBJC_IMPLICIT_RETAIN_SELF = YES;
				CLANG_WARN_OBJC_LITERAL_CONVERSION = YES;
				CLANG_WARN_OBJC_ROOT_CLASS = YES_ERROR;
				CLANG_WARN_RANGE_LOOP_ANALYSIS = YES;
				CLANG_WARN_STRICT_PROTOTYPES = YES;
				CLANG_WARN_SUSPICIOUS_MOVE = YES;
				CLANG_WARN_UNGUARDED_AVAILABILITY = YES_AGGRESSIVE;
				CLANG_WARN_UNREACHABLE_CODE = YES;
				CLANG_WARN__DUPLICATE_METHOD_MATCH = YES;
				COPY_PHASE_STRIP = NO;
				DEBUG_INFORMATION_FORMAT = "dwarf-with-dsym";
				ENABLE_NS_ASSERTIONS = NO;
				ENABLE_STRICT_OBJC_MSGSEND = YES;
				GCC_C_LANGUAGE_STANDARD = gnu11;
				GCC_NO_COMMON_BLOCKS = YES;
				GCC_WARN_64_TO_32_BIT_CONVERSION = YES;
				GCC_WARN_ABOUT_RETURN_TYPE = YES_ERROR;
				GCC_WARN_UNDECLARED_SELECTOR = YES;
				GCC_WARN_UNINITIALIZED_AUTOS = YES_AGGRESSIVE;
				GCC_WARN_UNUSED_FUNCTION = YES;
				GCC_WARN_UNUSED_VARIABLE = YES;
				IPHONEOS_DEPLOYMENT_TARGET = 13.2;
				MTL_ENABLE_DEBUG_INFO = NO;
				MTL_FAST_MATH = YES;
				SDKROOT = iphoneos;
				SWIFT_COMPILATION_MODE = wholemodule;
				SWIFT_OPTIMIZATION_LEVEL = "-O";
				VALIDATE_PRODUCT = YES;
			};
			name = Release;
		};
		8173AA9B23D511F300BCF68D /* Debug */ = {
			isa = XCBuildConfiguration;
			buildSettings = {
				ASSETCATALOG_COMPILER_APPICON_NAME = AppIcon;
				CODE_SIGN_STYLE = Automatic;
				DEVELOPMENT_TEAM = 7MFLU28S62;
				INFOPLIST_FILE = Wajba/Info.plist;
				IPHONEOS_DEPLOYMENT_TARGET = 11.0;
				LD_RUNPATH_SEARCH_PATHS = (
					"$(inherited)",
					"@executable_path/Frameworks",
				);
				PRODUCT_BUNDLE_IDENTIFIER = com.FoodTech.Wajba;
				PRODUCT_NAME = "$(TARGET_NAME)";
				SWIFT_VERSION = 5.0;
				TARGETED_DEVICE_FAMILY = 1;
			};
			name = Debug;
		};
		8173AA9C23D511F300BCF68D /* Release */ = {
			isa = XCBuildConfiguration;
			buildSettings = {
				ASSETCATALOG_COMPILER_APPICON_NAME = AppIcon;
				CODE_SIGN_STYLE = Automatic;
				DEVELOPMENT_TEAM = 7MFLU28S62;
				INFOPLIST_FILE = Wajba/Info.plist;
				IPHONEOS_DEPLOYMENT_TARGET = 11.0;
				LD_RUNPATH_SEARCH_PATHS = (
					"$(inherited)",
					"@executable_path/Frameworks",
				);
				PRODUCT_BUNDLE_IDENTIFIER = com.FoodTech.Wajba;
				PRODUCT_NAME = "$(TARGET_NAME)";
				SWIFT_VERSION = 5.0;
				TARGETED_DEVICE_FAMILY = 1;
			};
			name = Release;
		};
/* End XCBuildConfiguration section */

/* Begin XCConfigurationList section */
		8173AA8123D511ED00BCF68D /* Build configuration list for PBXProject "Wajba" */ = {
			isa = XCConfigurationList;
			buildConfigurations = (
				8173AA9823D511F300BCF68D /* Debug */,
				8173AA9923D511F300BCF68D /* Release */,
			);
			defaultConfigurationIsVisible = 0;
			defaultConfigurationName = Release;
		};
		8173AA9A23D511F300BCF68D /* Build configuration list for PBXNativeTarget "Wajba" */ = {
			isa = XCConfigurationList;
			buildConfigurations = (
				8173AA9B23D511F300BCF68D /* Debug */,
				8173AA9C23D511F300BCF68D /* Release */,
			);
			defaultConfigurationIsVisible = 0;
			defaultConfigurationName = Release;
		};
/* End XCConfigurationList section */
	};
	rootObject = 8173AA7E23D511ED00BCF68D /* Project object */;
}
